
Microsoft Visual Studio Solution File, Format Version 11.00
# Visual Studio 2010
Project("{FAE04EC0-301F-11D3-BF4B-00C04F79EFBC}") = "CreateAndDialVpnEntry", "CreateAndDialVpnEntry\CreateAndDialVpnEntry.csproj", "{20470E31-CF82-41B6-956A-ECC0EC1C1E40}"
EndProject
Global
	GlobalSection(TeamFoundationVersionControl) = preSolution
		SccNumberOfProjects = 2
		SccEnterpriseProvider = {4CA58AB2-18FA-4F8D-95D4-32DDF27D184C}
		SccTeamFoundationServer = https://tfs04.codeplex.com/
		SccLocalPath0 = .
		SccProjectUniqueName1 = CreateAndDialVpnEntry\\CreateAndDialVpnEntry.csproj
		SccProjectName1 = CreateAndDialVpnEntry
		SccLocalPath1 = CreateAndDialVpnEntry
	EndGlobalSection
	GlobalSection(SolutionConfigurationPlatforms) = preSolution
		Debug|Any CPU = Debug|Any CPU
		Release|Any CPU = Release|Any CPU
	EndGlobalSection
	GlobalSection(ProjectConfigurationPlatforms) = postSolution
		{20470E31-CF82-41B6-956A-ECC0EC1C1E40}.Debug|Any CPU.ActiveCfg = Debug|Any CPU
		{20470E31-CF82-41B6-956A-ECC0EC1C1E40}.Debug|Any CPU.Build.0 = Debug|Any CPU
		{20470E31-CF82-41B6-956A-ECC0EC1C1E40}.Release|Any CPU.ActiveCfg = Release|Any CPU
		{20470E31-CF82-41B6-956A-ECC0EC1C1E40}.Release|Any CPU.Build.0 = Release|Any CPU
	EndGlobalSection
	GlobalSection(SolutionProperties) = preSolution
		HideSolutionNode = FALSE
	EndGlobalSection
EndGlobal
