
Microsoft Visual Studio Solution File, Format Version 12.00
# Visual Studio 2013
VisualStudioVersion = 12.0.30110.0
MinimumVisualStudioVersion = 10.0.40219.1
Project("{FAE04EC0-301F-11D3-BF4B-00C04F79EFBC}") = "DiagnosticTool", "DiagnosticTool\DiagnosticTool.csproj", "{DD038EE5-C767-49FC-B912-8669DD535E8C}"
EndProject
Project("{FAE04EC0-301F-11D3-BF4B-00C04F79EFBC}") = "DotRas", "..\..\src\DotRas\DotRas.csproj", "{09EB2D48-2A3B-4AA7-BDC5-908E103B1E13}"
EndProject
Project("{FAE04EC0-301F-11D3-BF4B-00C04F79EFBC}") = "DotRas.Build.Tasks", "..\DotRas.Build.Tasks\DotRas.Build.Tasks\DotRas.Build.Tasks.csproj", "{F7CEF875-E14C-47D3-A536-7772552821CE}"
EndProject
Project("{2150E333-8FDC-42A3-9474-1A3956D46DE8}") = "Solution Items", "Solution Items", "{EA89EDA7-3F76-4E2D-8C58-24CA57FB0163}"
EndProject
Global
	GlobalSection(TeamFoundationVersionControl) = preSolution
		SccNumberOfProjects = 4
		SccEnterpriseProvider = {4CA58AB2-18FA-4F8D-95D4-32DDF27D184C}
		SccTeamFoundationServer = https://tfs.codeplex.com/tfs/tfs04
		SccLocalPath0 = .
		SccProjectUniqueName1 = DiagnosticTool\\DiagnosticTool.csproj
		SccProjectName1 = DiagnosticTool
		SccLocalPath1 = DiagnosticTool
		SccProjectUniqueName2 = ..\\..\\src\\DotRas\\DotRas.csproj
		SccProjectName2 = ../../src/DotRas
		SccLocalPath2 = ..\\..\\src\\DotRas
		SccProjectUniqueName3 = ..\\DotRas.Build.Tasks\\DotRas.Build.Tasks\\DotRas.Build.Tasks.csproj
		SccProjectName3 = ../DotRas.Build.Tasks/DotRas.Build.Tasks
		SccLocalPath3 = ..\\DotRas.Build.Tasks\\DotRas.Build.Tasks
	EndGlobalSection
	GlobalSection(SolutionConfigurationPlatforms) = preSolution
		Debug|Any CPU = Debug|Any CPU
		Debug|Mixed Platforms = Debug|Mixed Platforms
		Debug|x86 = Debug|x86
		Release|Any CPU = Release|Any CPU
		Release|Mixed Platforms = Release|Mixed Platforms
		Release|x86 = Release|x86
		Staging|Any CPU = Staging|Any CPU
		Staging|Mixed Platforms = Staging|Mixed Platforms
		Staging|x86 = Staging|x86
	EndGlobalSection
	GlobalSection(ProjectConfigurationPlatforms) = postSolution
		{DD038EE5-C767-49FC-B912-8669DD535E8C}.Debug|Any CPU.ActiveCfg = Debug|x86
		{DD038EE5-C767-49FC-B912-8669DD535E8C}.Debug|Mixed Platforms.ActiveCfg = Debug|x86
		{DD038EE5-C767-49FC-B912-8669DD535E8C}.Debug|Mixed Platforms.Build.0 = Debug|x86
		{DD038EE5-C767-49FC-B912-8669DD535E8C}.Debug|x86.ActiveCfg = Debug|x86
		{DD038EE5-C767-49FC-B912-8669DD535E8C}.Debug|x86.Build.0 = Debug|x86
		{DD038EE5-C767-49FC-B912-8669DD535E8C}.Release|Any CPU.ActiveCfg = Release|x86
		{DD038EE5-C767-49FC-B912-8669DD535E8C}.Release|Mixed Platforms.ActiveCfg = Release|x86
		{DD038EE5-C767-49FC-B912-8669DD535E8C}.Release|Mixed Platforms.Build.0 = Release|x86
		{DD038EE5-C767-49FC-B912-8669DD535E8C}.Release|x86.ActiveCfg = Release|x86
		{DD038EE5-C767-49FC-B912-8669DD535E8C}.Release|x86.Build.0 = Release|x86
		{DD038EE5-C767-49FC-B912-8669DD535E8C}.Staging|Any CPU.ActiveCfg = Release|x86
		{DD038EE5-C767-49FC-B912-8669DD535E8C}.Staging|Mixed Platforms.ActiveCfg = Release|x86
		{DD038EE5-C767-49FC-B912-8669DD535E8C}.Staging|Mixed Platforms.Build.0 = Release|x86
		{DD038EE5-C767-49FC-B912-8669DD535E8C}.Staging|x86.ActiveCfg = Release|x86
		{DD038EE5-C767-49FC-B912-8669DD535E8C}.Staging|x86.Build.0 = Release|x86
		{09EB2D48-2A3B-4AA7-BDC5-908E103B1E13}.Debug|Any CPU.ActiveCfg = Debug|Any CPU
		{09EB2D48-2A3B-4AA7-BDC5-908E103B1E13}.Debug|Any CPU.Build.0 = Debug|Any CPU
		{09EB2D48-2A3B-4AA7-BDC5-908E103B1E13}.Debug|Mixed Platforms.ActiveCfg = Debug|Any CPU
		{09EB2D48-2A3B-4AA7-BDC5-908E103B1E13}.Debug|Mixed Platforms.Build.0 = Debug|Any CPU
		{09EB2D48-2A3B-4AA7-BDC5-908E103B1E13}.Debug|x86.ActiveCfg = Debug|Any CPU
		{09EB2D48-2A3B-4AA7-BDC5-908E103B1E13}.Release|Any CPU.ActiveCfg = Release|Any CPU
		{09EB2D48-2A3B-4AA7-BDC5-908E103B1E13}.Release|Any CPU.Build.0 = Release|Any CPU
		{09EB2D48-2A3B-4AA7-BDC5-908E103B1E13}.Release|Mixed Platforms.ActiveCfg = Release|Any CPU
		{09EB2D48-2A3B-4AA7-BDC5-908E103B1E13}.Release|Mixed Platforms.Build.0 = Release|Any CPU
		{09EB2D48-2A3B-4AA7-BDC5-908E103B1E13}.Release|x86.ActiveCfg = Release|Any CPU
		{09EB2D48-2A3B-4AA7-BDC5-908E103B1E13}.Staging|Any CPU.ActiveCfg = Staging|Any CPU
		{09EB2D48-2A3B-4AA7-BDC5-908E103B1E13}.Staging|Any CPU.Build.0 = Staging|Any CPU
		{09EB2D48-2A3B-4AA7-BDC5-908E103B1E13}.Staging|Mixed Platforms.ActiveCfg = Staging|Any CPU
		{09EB2D48-2A3B-4AA7-BDC5-908E103B1E13}.Staging|Mixed Platforms.Build.0 = Staging|Any CPU
		{09EB2D48-2A3B-4AA7-BDC5-908E103B1E13}.Staging|x86.ActiveCfg = Staging|Any CPU
		{F7CEF875-E14C-47D3-A536-7772552821CE}.Debug|Any CPU.ActiveCfg = Debug|Any CPU
		{F7CEF875-E14C-47D3-A536-7772552821CE}.Debug|Any CPU.Build.0 = Debug|Any CPU
		{F7CEF875-E14C-47D3-A536-7772552821CE}.Debug|Mixed Platforms.ActiveCfg = Debug|Any CPU
		{F7CEF875-E14C-47D3-A536-7772552821CE}.Debug|x86.ActiveCfg = Debug|Any CPU
		{F7CEF875-E14C-47D3-A536-7772552821CE}.Release|Any CPU.ActiveCfg = Release|Any CPU
		{F7CEF875-E14C-47D3-A536-7772552821CE}.Release|Any CPU.Build.0 = Release|Any CPU
		{F7CEF875-E14C-47D3-A536-7772552821CE}.Release|Mixed Platforms.ActiveCfg = Release|Any CPU
		{F7CEF875-E14C-47D3-A536-7772552821CE}.Release|x86.ActiveCfg = Release|Any CPU
		{F7CEF875-E14C-47D3-A536-7772552821CE}.Staging|Any CPU.ActiveCfg = Release|Any CPU
		{F7CEF875-E14C-47D3-A536-7772552821CE}.Staging|Mixed Platforms.ActiveCfg = Release|Any CPU
		{F7CEF875-E14C-47D3-A536-7772552821CE}.Staging|x86.ActiveCfg = Release|Any CPU
	EndGlobalSection
	GlobalSection(SolutionProperties) = preSolution
		HideSolutionNode = FALSE
	EndGlobalSection
EndGlobal
