
Microsoft Visual Studio Solution File, Format Version 11.00
# Visual Studio 2010
Project("{FAE04EC0-301F-11D3-BF4B-00C04F79EFBC}") = "StripSccBindings", "StripSccBindings\StripSccBindings.csproj", "{D5A85318-F8DA-4380-961B-520D0ABB4318}"
EndProject
Global
	GlobalSection(TeamFoundationVersionControl) = preSolution
		SccNumberOfProjects = 2
		SccEnterpriseProvider = {4CA58AB2-18FA-4F8D-95D4-32DDF27D184C}
		SccTeamFoundationServer = https://tfs04.codeplex.com/
		SccLocalPath0 = .
		SccProjectUniqueName1 = StripSccBindings\\StripSccBindings.csproj
		SccProjectName1 = StripSccBindings
		SccLocalPath1 = StripSccBindings
	EndGlobalSection
	GlobalSection(SolutionConfigurationPlatforms) = preSolution
		Debug|Any CPU = Debug|Any CPU
		Release|Any CPU = Release|Any CPU
	EndGlobalSection
	GlobalSection(ProjectConfigurationPlatforms) = postSolution
		{D5A85318-F8DA-4380-961B-520D0ABB4318}.Debug|Any CPU.ActiveCfg = Debug|Any CPU
		{D5A85318-F8DA-4380-961B-520D0ABB4318}.Debug|Any CPU.Build.0 = Debug|Any CPU
		{D5A85318-F8DA-4380-961B-520D0ABB4318}.Release|Any CPU.ActiveCfg = Release|Any CPU
		{D5A85318-F8DA-4380-961B-520D0ABB4318}.Release|Any CPU.Build.0 = Release|Any CPU
	EndGlobalSection
	GlobalSection(SolutionProperties) = preSolution
		HideSolutionNode = FALSE
	EndGlobalSection
EndGlobal
