
Microsoft Visual Studio Solution File, Format Version 11.00
# Visual Studio 2010
Project("{FAE04EC0-301F-11D3-BF4B-00C04F79EFBC}") = "GetActiveConnectionIPAddress", "GetActiveConnectionIPAddress\GetActiveConnectionIPAddress.csproj", "{2CEA9271-426E-4388-97A6-BA21B6054B01}"
EndProject
Global
	GlobalSection(TeamFoundationVersionControl) = preSolution
		SccNumberOfProjects = 2
		SccEnterpriseProvider = {4CA58AB2-18FA-4F8D-95D4-32DDF27D184C}
		SccTeamFoundationServer = https://tfs.codeplex.com/tfs/tfs04
		SccLocalPath0 = .
		SccProjectUniqueName1 = GetActiveConnectionIPAddress\\GetActiveConnectionIPAddress.csproj
		SccProjectName1 = GetActiveConnectionIPAddress
		SccLocalPath1 = GetActiveConnectionIPAddress
	EndGlobalSection
	GlobalSection(SolutionConfigurationPlatforms) = preSolution
		Debug|Any CPU = Debug|Any CPU
		Release|Any CPU = Release|Any CPU
	EndGlobalSection
	GlobalSection(ProjectConfigurationPlatforms) = postSolution
		{2CEA9271-426E-4388-97A6-BA21B6054B01}.Debug|Any CPU.ActiveCfg = Debug|Any CPU
		{2CEA9271-426E-4388-97A6-BA21B6054B01}.Debug|Any CPU.Build.0 = Debug|Any CPU
		{2CEA9271-426E-4388-97A6-BA21B6054B01}.Release|Any CPU.ActiveCfg = Release|Any CPU
		{2CEA9271-426E-4388-97A6-BA21B6054B01}.Release|Any CPU.Build.0 = Release|Any CPU
	EndGlobalSection
	GlobalSection(SolutionProperties) = preSolution
		HideSolutionNode = FALSE
	EndGlobalSection
EndGlobal
