
Microsoft Visual Studio Solution File, Format Version 12.00
# Visual Studio Version 17
VisualStudioVersion = 17.4.33205.214
MinimumVisualStudioVersion = 10.0.40219.1
Project("{2150E333-8FDC-42A3-9474-1A3956D46DE8}") = "Solution Items", "Solution Items", "{5CE5E054-545E-4A17-8A8A-8C56B377022F}"
	ProjectSection(SolutionItems) = preProject
		DotRas.vsmdi = DotRas.vsmdi
		LocalTestRun.testrunconfig = LocalTestRun.testrunconfig
	EndProjectSection
EndProject
Project("{2150E333-8FDC-42A3-9474-1A3956D46DE8}") = "Testing", "Testing", "{57726091-2F76-4FD1-81F1-C00BDF9A9C5C}"
EndProject
Project("{9A19103F-16F7-4668-BE54-9A1E7A4F7556}") = "DotRas", "DotRas\DotRas.csproj", "{09EB2D48-2A3B-4AA7-BDC5-908E103B1E13}"
EndProject
Project("{9A19103F-16F7-4668-BE54-9A1E7A4F7556}") = "DotRas.UnitTests", "DotRas.UnitTests\DotRas.UnitTests.csproj", "{6532C6B6-BA59-4F5E-AE65-844C2E841BBB}"
EndProject
Project("{9A19103F-16F7-4668-BE54-9A1E7A4F7556}") = "DotRas.IntegrationTests", "DotRas.IntegrationTests\DotRas.IntegrationTests.csproj", "{5CFFEDC8-F789-4190-80B4-FEABEA82A221}"
EndProject
Global
	GlobalSection(SolutionConfigurationPlatforms) = preSolution
		Debug|Any CPU = Debug|Any CPU
		Package|Any CPU = Package|Any CPU
		Release_No_Ui|Any CPU = Release_No_Ui|Any CPU
		Release|Any CPU = Release|Any CPU
		Staging|Any CPU = Staging|Any CPU
	EndGlobalSection
	GlobalSection(ProjectConfigurationPlatforms) = postSolution
		{09EB2D48-2A3B-4AA7-BDC5-908E103B1E13}.Debug|Any CPU.ActiveCfg = Debug|Any CPU
		{09EB2D48-2A3B-4AA7-BDC5-908E103B1E13}.Debug|Any CPU.Build.0 = Debug|Any CPU
		{09EB2D48-2A3B-4AA7-BDC5-908E103B1E13}.Package|Any CPU.ActiveCfg = Debug|Any CPU
		{09EB2D48-2A3B-4AA7-BDC5-908E103B1E13}.Package|Any CPU.Build.0 = Debug|Any CPU
		{09EB2D48-2A3B-4AA7-BDC5-908E103B1E13}.Release_No_Ui|Any CPU.ActiveCfg = Release_No_Ui|Any CPU
		{09EB2D48-2A3B-4AA7-BDC5-908E103B1E13}.Release_No_Ui|Any CPU.Build.0 = Release_No_Ui|Any CPU
		{09EB2D48-2A3B-4AA7-BDC5-908E103B1E13}.Release|Any CPU.ActiveCfg = Release|Any CPU
		{09EB2D48-2A3B-4AA7-BDC5-908E103B1E13}.Release|Any CPU.Build.0 = Release|Any CPU
		{09EB2D48-2A3B-4AA7-BDC5-908E103B1E13}.Staging|Any CPU.ActiveCfg = Staging|Any CPU
		{09EB2D48-2A3B-4AA7-BDC5-908E103B1E13}.Staging|Any CPU.Build.0 = Staging|Any CPU
		{6532C6B6-BA59-4F5E-AE65-844C2E841BBB}.Debug|Any CPU.ActiveCfg = Debug|Any CPU
		{6532C6B6-BA59-4F5E-AE65-844C2E841BBB}.Debug|Any CPU.Build.0 = Debug|Any CPU
		{6532C6B6-BA59-4F5E-AE65-844C2E841BBB}.Package|Any CPU.ActiveCfg = Debug|Any CPU
		{6532C6B6-BA59-4F5E-AE65-844C2E841BBB}.Package|Any CPU.Build.0 = Debug|Any CPU
		{6532C6B6-BA59-4F5E-AE65-844C2E841BBB}.Release_No_Ui|Any CPU.ActiveCfg = Release|Any CPU
		{6532C6B6-BA59-4F5E-AE65-844C2E841BBB}.Release|Any CPU.ActiveCfg = Release|Any CPU
		{6532C6B6-BA59-4F5E-AE65-844C2E841BBB}.Staging|Any CPU.ActiveCfg = Staging|Any CPU
		{6532C6B6-BA59-4F5E-AE65-844C2E841BBB}.Staging|Any CPU.Build.0 = Staging|Any CPU
		{5CFFEDC8-F789-4190-80B4-FEABEA82A221}.Debug|Any CPU.ActiveCfg = Debug|Any CPU
		{5CFFEDC8-F789-4190-80B4-FEABEA82A221}.Debug|Any CPU.Build.0 = Debug|Any CPU
		{5CFFEDC8-F789-4190-80B4-FEABEA82A221}.Package|Any CPU.ActiveCfg = Debug|Any CPU
		{5CFFEDC8-F789-4190-80B4-FEABEA82A221}.Package|Any CPU.Build.0 = Debug|Any CPU
		{5CFFEDC8-F789-4190-80B4-FEABEA82A221}.Release_No_Ui|Any CPU.ActiveCfg = Release|Any CPU
		{5CFFEDC8-F789-4190-80B4-FEABEA82A221}.Release|Any CPU.ActiveCfg = Release|Any CPU
		{5CFFEDC8-F789-4190-80B4-FEABEA82A221}.Staging|Any CPU.ActiveCfg = Staging|Any CPU
		{5CFFEDC8-F789-4190-80B4-FEABEA82A221}.Staging|Any CPU.Build.0 = Staging|Any CPU
	EndGlobalSection
	GlobalSection(SolutionProperties) = preSolution
		HideSolutionNode = FALSE
	EndGlobalSection
	GlobalSection(NestedProjects) = preSolution
		{6532C6B6-BA59-4F5E-AE65-844C2E841BBB} = {57726091-2F76-4FD1-81F1-C00BDF9A9C5C}
		{5CFFEDC8-F789-4190-80B4-FEABEA82A221} = {57726091-2F76-4FD1-81F1-C00BDF9A9C5C}
	EndGlobalSection
	GlobalSection(ExtensibilityGlobals) = postSolution
		SolutionGuid = {8C00903C-8FF4-43D4-BAB4-0FB6A7422008}
	EndGlobalSection
	GlobalSection(TestCaseManagementSettings) = postSolution
		CategoryFile = DotRas.vsmdi
	EndGlobalSection
EndGlobal
